
Microsoft Visual Studio Solution File, Format Version 12.00
Project("{FAE04EC0-301F-11D3-BF4B-00C04F79EFBC}") = "zBot", "zBot\zBot.csproj", "{3DCCE924-AB55-49B5-B0D8-27E837D49973}"
EndProject
Global
	GlobalSection(SolutionConfigurationPlatforms) = preSolution
		Debug|Any CPU = Debug|Any CPU
		Release|Any CPU = Release|Any CPU
	EndGlobalSection
	GlobalSection(ProjectConfigurationPlatforms) = postSolution
		{3DCCE924-AB55-49B5-B0D8-27E837D49973}.Debug|Any CPU.ActiveCfg = Debug|Any CPU
		{3DCCE924-AB55-49B5-B0D8-27E837D49973}.Debug|Any CPU.Build.0 = Debug|Any CPU
		{3DCCE924-AB55-49B5-B0D8-27E837D49973}.Release|Any CPU.ActiveCfg = Release|Any CPU
		{3DCCE924-AB55-49B5-B0D8-27E837D49973}.Release|Any CPU.Build.0 = Release|Any CPU
	EndGlobalSection
EndGlobal
